
Microsoft Visual Studio Solution File, Format Version 12.00
# Visual Studio Version 17
VisualStudioVersion = 17.10.35122.118
MinimumVisualStudioVersion = 10.0.40219.1
Project("{FAE04EC0-301F-11D3-BF4B-00C04F79EFBC}") = "apiforchat", "apiforchat\apiforchat.csproj", "{D3FF311C-CBEB-4D56-8C9D-65E124EEA894}"
EndProject
Global
	GlobalSection(SolutionConfigurationPlatforms) = preSolution
		Debug|Any CPU = Debug|Any CPU
		Release|Any CPU = Release|Any CPU
	EndGlobalSection
	GlobalSection(ProjectConfigurationPlatforms) = postSolution
		{D3FF311C-CBEB-4D56-8C9D-65E124EEA894}.Debug|Any CPU.ActiveCfg = Debug|Any CPU
		{D3FF311C-CBEB-4D56-8C9D-65E124EEA894}.Debug|Any CPU.Build.0 = Debug|Any CPU
		{D3FF311C-CBEB-4D56-8C9D-65E124EEA894}.Release|Any CPU.ActiveCfg = Release|Any CPU
		{D3FF311C-CBEB-4D56-8C9D-65E124EEA894}.Release|Any CPU.Build.0 = Release|Any CPU
	EndGlobalSection
	GlobalSection(SolutionProperties) = preSolution
		HideSolutionNode = FALSE
	EndGlobalSection
	GlobalSection(ExtensibilityGlobals) = postSolution
		SolutionGuid = {846F1DFF-72DD-4ABA-8F2C-753B2DBBCD22}
	EndGlobalSection
EndGlobal
